// !$*UTF8*$!
{
	archiveVersion = 1;
	classes = {
	};
	objectVersion = 50;
	objects = {

/* Begin PBXBuildFile section */
		8E2CE8EE2217814E001C3501 /* AppDelegate.swift in Sources */ = {isa = PBXBuildFile; fileRef = 8E2CE8ED2217814E001C3501 /* AppDelegate.swift */; };
		8E2CE8F02217814E001C3501 /* ViewController.swift in Sources */ = {isa = PBXBuildFile; fileRef = 8E2CE8EF2217814E001C3501 /* ViewController.swift */; };
		8E2CE8F32217814E001C3501 /* Main.storyboard in Resources */ = {isa = PBXBuildFile; fileRef = 8E2CE8F12217814E001C3501 /* Main.storyboard */; };
		8E2CE8F52217814F001C3501 /* Assets.xcassets in Resources */ = {isa = PBXBuildFile; fileRef = 8E2CE8F42217814F001C3501 /* Assets.xcassets */; };
		8E2CE8F82217814F001C3501 /* LaunchScreen.storyboard in Resources */ = {isa = PBXBuildFile; fileRef = 8E2CE8F62217814F001C3501 /* LaunchScreen.storyboard */; };
		8ECA4D1D2217C2BD00E2ABE0 /* LoginViewController.swift in Sources */ = {isa = PBXBuildFile; fileRef = 8ECA4D1C2217C2BD00E2ABE0 /* LoginViewController.swift */; };
		8ECA4D1F2217C2DF00E2ABE0 /* RegisterViewController.swift in Sources */ = {isa = PBXBuildFile; fileRef = 8ECA4D1E2217C2DF00E2ABE0 /* RegisterViewController.swift */; };
		8EDDBF6C2218529000001F93 /* DashboardViewController.swift in Sources */ = {isa = PBXBuildFile; fileRef = 8EDDBF6A2218529000001F93 /* DashboardViewController.swift */; };
		8EDDBF6D2218529000001F93 /* DashboardViewController.xib in Resources */ = {isa = PBXBuildFile; fileRef = 8EDDBF6B2218529000001F93 /* DashboardViewController.xib */; };
		BFA1098FAFB091769559F3B2 /* Pods_PMN_frontend_ios.framework in Frameworks */ = {isa = PBXBuildFile; fileRef = 531A3672C641F5CC332E7B8F /* Pods_PMN_frontend_ios.framework */; };
/* End PBXBuildFile section */

/* Begin PBXFileReference section */
		531A3672C641F5CC332E7B8F /* Pods_PMN_frontend_ios.framework */ = {isa = PBXFileReference; explicitFileType = wrapper.framework; includeInIndex = 0; path = Pods_PMN_frontend_ios.framework; sourceTree = BUILT_PRODUCTS_DIR; };
		8784202CD466EC5D7B670EC8 /* Pods-PMN-frontend-ios.release.xcconfig */ = {isa = PBXFileReference; includeInIndex = 1; lastKnownFileType = text.xcconfig; name = "Pods-PMN-frontend-ios.release.xcconfig"; path = "Pods/Target Support Files/Pods-PMN-frontend-ios/Pods-PMN-frontend-ios.release.xcconfig"; sourceTree = "<group>"; };
		8E2CE8EA2217814E001C3501 /* PMN-frontend-ios.app */ = {isa = PBXFileReference; explicitFileType = wrapper.application; includeInIndex = 0; path = "PMN-frontend-ios.app"; sourceTree = BUILT_PRODUCTS_DIR; };
		8E2CE8ED2217814E001C3501 /* AppDelegate.swift */ = {isa = PBXFileReference; lastKnownFileType = sourcecode.swift; path = AppDelegate.swift; sourceTree = "<group>"; };
		8E2CE8EF2217814E001C3501 /* ViewController.swift */ = {isa = PBXFileReference; lastKnownFileType = sourcecode.swift; path = ViewController.swift; sourceTree = "<group>"; };
		8E2CE8F22217814E001C3501 /* Base */ = {isa = PBXFileReference; lastKnownFileType = file.storyboard; name = Base; path = Base.lproj/Main.storyboard; sourceTree = "<group>"; };
		8E2CE8F42217814F001C3501 /* Assets.xcassets */ = {isa = PBXFileReference; lastKnownFileType = folder.assetcatalog; path = Assets.xcassets; sourceTree = "<group>"; };
		8E2CE8F72217814F001C3501 /* Base */ = {isa = PBXFileReference; lastKnownFileType = file.storyboard; name = Base; path = Base.lproj/LaunchScreen.storyboard; sourceTree = "<group>"; };
		8E2CE8F92217814F001C3501 /* Info.plist */ = {isa = PBXFileReference; lastKnownFileType = text.plist.xml; path = Info.plist; sourceTree = "<group>"; };
		8ECA4D1C2217C2BD00E2ABE0 /* LoginViewController.swift */ = {isa = PBXFileReference; lastKnownFileType = sourcecode.swift; path = LoginViewController.swift; sourceTree = "<group>"; };
		8ECA4D1E2217C2DF00E2ABE0 /* RegisterViewController.swift */ = {isa = PBXFileReference; lastKnownFileType = sourcecode.swift; path = RegisterViewController.swift; sourceTree = "<group>"; };
		8EDDBF6A2218529000001F93 /* DashboardViewController.swift */ = {isa = PBXFileReference; lastKnownFileType = sourcecode.swift; path = DashboardViewController.swift; sourceTree = "<group>"; };
		8EDDBF6B2218529000001F93 /* DashboardViewController.xib */ = {isa = PBXFileReference; lastKnownFileType = file.xib; path = DashboardViewController.xib; sourceTree = "<group>"; };
		9890FF4E2F876A79BDFAAE4E /* Pods-PMN-frontend-ios.debug.xcconfig */ = {isa = PBXFileReference; includeInIndex = 1; lastKnownFileType = text.xcconfig; name = "Pods-PMN-frontend-ios.debug.xcconfig"; path = "Pods/Target Support Files/Pods-PMN-frontend-ios/Pods-PMN-frontend-ios.debug.xcconfig"; sourceTree = "<group>"; };
/* End PBXFileReference section */

/* Begin PBXFrameworksBuildPhase section */
		8E2CE8E72217814E001C3501 /* Frameworks */ = {
			isa = PBXFrameworksBuildPhase;
			buildActionMask = 2147483647;
			files = (
				BFA1098FAFB091769559F3B2 /* Pods_PMN_frontend_ios.framework in Frameworks */,
			);
			runOnlyForDeploymentPostprocessing = 0;
		};
/* End PBXFrameworksBuildPhase section */

/* Begin PBXGroup section */
		8E2CE8E12217814E001C3501 = {
			isa = PBXGroup;
			children = (
				8E2CE8EC2217814E001C3501 /* PMN-frontend-ios */,
				8E2CE8EB2217814E001C3501 /* Products */,
				A63C6396AF3C6688C0BBE6B8 /* Pods */,
				BBC2C05018EC88628CC6469C /* Frameworks */,
			);
			sourceTree = "<group>";
		};
		8E2CE8EB2217814E001C3501 /* Products */ = {
			isa = PBXGroup;
			children = (
				8E2CE8EA2217814E001C3501 /* PMN-frontend-ios.app */,
			);
			name = Products;
			sourceTree = "<group>";
		};
		8E2CE8EC2217814E001C3501 /* PMN-frontend-ios */ = {
			isa = PBXGroup;
			children = (
				8E2CE902221781B4001C3501 /* Supporting Files */,
				8E2CE9012217819E001C3501 /* Controller */,
				8E2CE90022178195001C3501 /* View */,
				8E2CE8FF2217818B001C3501 /* Model */,
				8E2CE8F42217814F001C3501 /* Assets.xcassets */,
				8E2CE8F62217814F001C3501 /* LaunchScreen.storyboard */,
				8E2CE8F92217814F001C3501 /* Info.plist */,
			);
			path = "PMN-frontend-ios";
			sourceTree = "<group>";
		};
		8E2CE8FF2217818B001C3501 /* Model */ = {
			isa = PBXGroup;
			children = (
			);
			path = Model;
			sourceTree = "<group>";
		};
		8E2CE90022178195001C3501 /* View */ = {
			isa = PBXGroup;
			children = (
				8E2CE8F12217814E001C3501 /* Main.storyboard */,
			);
			path = View;
			sourceTree = "<group>";
		};
		8E2CE9012217819E001C3501 /* Controller */ = {
			isa = PBXGroup;
			children = (
				8E2CE8EF2217814E001C3501 /* ViewController.swift */,
				8ECA4D1C2217C2BD00E2ABE0 /* LoginViewController.swift */,
				8ECA4D1E2217C2DF00E2ABE0 /* RegisterViewController.swift */,
				8EDDBF6A2218529000001F93 /* DashboardViewController.swift */,
				8EDDBF6B2218529000001F93 /* DashboardViewController.xib */,
			);
			path = Controller;
			sourceTree = "<group>";
		};
		8E2CE902221781B4001C3501 /* Supporting Files */ = {
			isa = PBXGroup;
			children = (
				8E2CE8ED2217814E001C3501 /* AppDelegate.swift */,
			);
			path = "Supporting Files";
			sourceTree = "<group>";
		};
		A63C6396AF3C6688C0BBE6B8 /* Pods */ = {
			isa = PBXGroup;
			children = (
				9890FF4E2F876A79BDFAAE4E /* Pods-PMN-frontend-ios.debug.xcconfig */,
				8784202CD466EC5D7B670EC8 /* Pods-PMN-frontend-ios.release.xcconfig */,
			);
			name = Pods;
			sourceTree = "<group>";
		};
		BBC2C05018EC88628CC6469C /* Frameworks */ = {
			isa = PBXGroup;
			children = (
				531A3672C641F5CC332E7B8F /* Pods_PMN_frontend_ios.framework */,
			);
			name = Frameworks;
			sourceTree = "<group>";
		};
/* End PBXGroup section */

/* Begin PBXNativeTarget section */
		8E2CE8E92217814E001C3501 /* PMN-frontend-ios */ = {
			isa = PBXNativeTarget;
			buildConfigurationList = 8E2CE8FC2217814F001C3501 /* Build configuration list for PBXNativeTarget "PMN-frontend-ios" */;
			buildPhases = (
				45F5E38B78C1BA45BE90B960 /* [CP] Check Pods Manifest.lock */,
				8E2CE8E62217814E001C3501 /* Sources */,
				8E2CE8E72217814E001C3501 /* Frameworks */,
				8E2CE8E82217814E001C3501 /* Resources */,
				6CCBC5CCF294412DE0D762E2 /* [CP] Embed Pods Frameworks */,
			);
			buildRules = (
			);
			dependencies = (
			);
			name = "PMN-frontend-ios";
			productName = "PMN-frontend-ios";
			productReference = 8E2CE8EA2217814E001C3501 /* PMN-frontend-ios.app */;
			productType = "com.apple.product-type.application";
		};
/* End PBXNativeTarget section */

/* Begin PBXProject section */
		8E2CE8E22217814E001C3501 /* Project object */ = {
			isa = PBXProject;
			attributes = {
				LastSwiftUpdateCheck = 1010;
				LastUpgradeCheck = 1010;
				ORGANIZATIONNAME = bharath;
				TargetAttributes = {
					8E2CE8E92217814E001C3501 = {
						CreatedOnToolsVersion = 10.1;
					};
				};
			};
			buildConfigurationList = 8E2CE8E52217814E001C3501 /* Build configuration list for PBXProject "PMN-frontend-ios" */;
			compatibilityVersion = "Xcode 9.3";
			developmentRegion = en;
			hasScannedForEncodings = 0;
			knownRegions = (
				en,
				Base,
			);
			mainGroup = 8E2CE8E12217814E001C3501;
			productRefGroup = 8E2CE8EB2217814E001C3501 /* Products */;
			projectDirPath = "";
			projectRoot = "";
			targets = (
				8E2CE8E92217814E001C3501 /* PMN-frontend-ios */,
			);
		};
/* End PBXProject section */

/* Begin PBXResourcesBuildPhase section */
		8E2CE8E82217814E001C3501 /* Resources */ = {
			isa = PBXResourcesBuildPhase;
			buildActionMask = 2147483647;
			files = (
				8E2CE8F82217814F001C3501 /* LaunchScreen.storyboard in Resources */,
				8E2CE8F52217814F001C3501 /* Assets.xcassets in Resources */,
				8E2CE8F32217814E001C3501 /* Main.storyboard in Resources */,
				8EDDBF6D2218529000001F93 /* DashboardViewController.xib in Resources */,
			);
			runOnlyForDeploymentPostprocessing = 0;
		};
/* End PBXResourcesBuildPhase section */

/* Begin PBXShellScriptBuildPhase section */
		45F5E38B78C1BA45BE90B960 /* [CP] Check Pods Manifest.lock */ = {
			isa = PBXShellScriptBuildPhase;
			buildActionMask = 2147483647;
			files = (
			);
			inputFileListPaths = (
			);
			inputPaths = (
				"${PODS_PODFILE_DIR_PATH}/Podfile.lock",
				"${PODS_ROOT}/Manifest.lock",
			);
			name = "[CP] Check Pods Manifest.lock";
			outputFileListPaths = (
			);
			outputPaths = (
				"$(DERIVED_FILE_DIR)/Pods-PMN-frontend-ios-checkManifestLockResult.txt",
			);
			runOnlyForDeploymentPostprocessing = 0;
			shellPath = /bin/sh;
			shellScript = "diff \"${PODS_PODFILE_DIR_PATH}/Podfile.lock\" \"${PODS_ROOT}/Manifest.lock\" > /dev/null\nif [ $? != 0 ] ; then\n    # print error to STDERR\n    echo \"error: The sandbox is not in sync with the Podfile.lock. Run 'pod install' or update your CocoaPods installation.\" >&2\n    exit 1\nfi\n# This output is used by Xcode 'outputs' to avoid re-running this script phase.\necho \"SUCCESS\" > \"${SCRIPT_OUTPUT_FILE_0}\"\n";
			showEnvVarsInLog = 0;
		};
		6CCBC5CCF294412DE0D762E2 /* [CP] Embed Pods Frameworks */ = {
			isa = PBXShellScriptBuildPhase;
			buildActionMask = 2147483647;
			files = (
			);
			inputFileListPaths = (
			);
			inputPaths = (
				"${SRCROOT}/Pods/Target Support Files/Pods-PMN-frontend-ios/Pods-PMN-frontend-ios-frameworks.sh",
				"${BUILT_PRODUCTS_DIR}/Alamofire/Alamofire.framework",
				"${BUILT_PRODUCTS_DIR}/SVProgressHUD/SVProgressHUD.framework",
				"${BUILT_PRODUCTS_DIR}/SwiftyJSON/SwiftyJSON.framework",
			);
			name = "[CP] Embed Pods Frameworks";
			outputFileListPaths = (
			);
			outputPaths = (
				"${TARGET_BUILD_DIR}/${FRAMEWORKS_FOLDER_PATH}/Alamofire.framework",
				"${TARGET_BUILD_DIR}/${FRAMEWORKS_FOLDER_PATH}/SVProgressHUD.framework",
				"${TARGET_BUILD_DIR}/${FRAMEWORKS_FOLDER_PATH}/SwiftyJSON.framework",
			);
			runOnlyForDeploymentPostprocessing = 0;
			shellPath = /bin/sh;
			shellScript = "\"${SRCROOT}/Pods/Target Support Files/Pods-PMN-frontend-ios/Pods-PMN-frontend-ios-frameworks.sh\"\n";
			showEnvVarsInLog = 0;
		};
/* End PBXShellScriptBuildPhase section */

/* Begin PBXSourcesBuildPhase section */
		8E2CE8E62217814E001C3501 /* Sources */ = {
			isa = PBXSourcesBuildPhase;
			buildActionMask = 2147483647;
			files = (
				8ECA4D1D2217C2BD00E2ABE0 /* LoginViewController.swift in Sources */,
				8E2CE8F02217814E001C3501 /* ViewController.swift in Sources */,
				8EDDBF6C2218529000001F93 /* DashboardViewController.swift in Sources */,
				8E2CE8EE2217814E001C3501 /* AppDelegate.swift in Sources */,
				8ECA4D1F2217C2DF00E2ABE0 /* RegisterViewController.swift in Sources */,
			);
			runOnlyForDeploymentPostprocessing = 0;
		};
/* End PBXSourcesBuildPhase section */

/* Begin PBXVariantGroup section */
		8E2CE8F12217814E001C3501 /* Main.storyboard */ = {
			isa = PBXVariantGroup;
			children = (
				8E2CE8F22217814E001C3501 /* Base */,
			);
			name = Main.storyboard;
			sourceTree = "<group>";
		};
		8E2CE8F62217814F001C3501 /* LaunchScreen.storyboard */ = {
			isa = PBXVariantGroup;
			children = (
				8E2CE8F72217814F001C3501 /* Base */,
			);
			name = LaunchScreen.storyboard;
			sourceTree = "<group>";
		};
/* End PBXVariantGroup section */

/* Begin XCBuildConfiguration section */
		8E2CE8FA2217814F001C3501 /* Debug */ = {
			isa = XCBuildConfiguration;
			buildSettings = {
				ALWAYS_SEARCH_USER_PATHS = NO;
				CLANG_ANALYZER_NONNULL = YES;
				CLANG_ANALYZER_NUMBER_OBJECT_CONVERSION = YES_AGGRESSIVE;
				CLANG_CXX_LANGUAGE_STANDARD = "gnu++14";
				CLANG_CXX_LIBRARY = "libc++";
				CLANG_ENABLE_MODULES = YES;
				CLANG_ENABLE_OBJC_ARC = YES;
				CLANG_ENABLE_OBJC_WEAK = YES;
				CLANG_WARN_BLOCK_CAPTURE_AUTORELEASING = YES;
				CLANG_WARN_BOOL_CONVERSION = YES;
				CLANG_WARN_COMMA = YES;
				CLANG_WARN_CONSTANT_CONVERSION = YES;
				CLANG_WARN_DEPRECATED_OBJC_IMPLEMENTATIONS = YES;
				CLANG_WARN_DIRECT_OBJC_ISA_USAGE = YES_ERROR;
				CLANG_WARN_DOCUMENTATION_COMMENTS = YES;
				CLANG_WARN_EMPTY_BODY = YES;
				CLANG_WARN_ENUM_CONVERSION = YES;
				CLANG_WARN_INFINITE_RECURSION = YES;
				CLANG_WARN_INT_CONVERSION = YES;
				CLANG_WARN_NON_LITERAL_NULL_CONVERSION = YES;
				CLANG_WARN_OBJC_IMPLICIT_RETAIN_SELF = YES;
				CLANG_WARN_OBJC_LITERAL_CONVERSION = YES;
				CLANG_WARN_OBJC_ROOT_CLASS = YES_ERROR;
				CLANG_WARN_RANGE_LOOP_ANALYSIS = YES;
				CLANG_WARN_STRICT_PROTOTYPES = YES;
				CLANG_WARN_SUSPICIOUS_MOVE = YES;
				CLANG_WARN_UNGUARDED_AVAILABILITY = YES_AGGRESSIVE;
				CLANG_WARN_UNREACHABLE_CODE = YES;
				CLANG_WARN__DUPLICATE_METHOD_MATCH = YES;
				CODE_SIGN_IDENTITY = "iPhone Developer";
				COPY_PHASE_STRIP = NO;
				DEBUG_INFORMATION_FORMAT = dwarf;
				ENABLE_STRICT_OBJC_MSGSEND = YES;
				ENABLE_TESTABILITY = YES;
				GCC_C_LANGUAGE_STANDARD = gnu11;
				GCC_DYNAMIC_NO_PIC = NO;
				GCC_NO_COMMON_BLOCKS = YES;
				GCC_OPTIMIZATION_LEVEL = 0;
				GCC_PREPROCESSOR_DEFINITIONS = (
					"DEBUG=1",
					"$(inherited)",
				);
				GCC_WARN_64_TO_32_BIT_CONVERSION = YES;
				GCC_WARN_ABOUT_RETURN_TYPE = YES_ERROR;
				GCC_WARN_UNDECLARED_SELECTOR = YES;
				GCC_WARN_UNINITIALIZED_AUTOS = YES_AGGRESSIVE;
				GCC_WARN_UNUSED_FUNCTION = YES;
				GCC_WARN_UNUSED_VARIABLE = YES;
				IPHONEOS_DEPLOYMENT_TARGET = 12.1;
				MTL_ENABLE_DEBUG_INFO = INCLUDE_SOURCE;
				MTL_FAST_MATH = YES;
				ONLY_ACTIVE_ARCH = YES;
				SDKROOT = iphoneos;
				SWIFT_ACTIVE_COMPILATION_CONDITIONS = DEBUG;
				SWIFT_OPTIMIZATION_LEVEL = "-Onone";
			};
			name = Debug;
		};
		8E2CE8FB2217814F001C3501 /* Release */ = {
			isa = XCBuildConfiguration;
			buildSettings = {
				ALWAYS_SEARCH_USER_PATHS = NO;
				CLANG_ANALYZER_NONNULL = YES;
				CLANG_ANALYZER_NUMBER_OBJECT_CONVERSION = YES_AGGRESSIVE;
				CLANG_CXX_LANGUAGE_STANDARD = "gnu++14";
				CLANG_CXX_LIBRARY = "libc++";
				CLANG_ENABLE_MODULES = YES;
				CLANG_ENABLE_OBJC_ARC = YES;
				CLANG_ENABLE_OBJC_WEAK = YES;
				CLANG_WARN_BLOCK_CAPTURE_AUTORELEASING = YES;
				CLANG_WARN_BOOL_CONVERSION = YES;
				CLANG_WARN_COMMA = YES;
				CLANG_WARN_CONSTANT_CONVERSION = YES;
				CLANG_WARN_DEPRECATED_OBJC_IMPLEMENTATIONS = YES;
				CLANG_WARN_DIRECT_OBJC_ISA_USAGE = YES_ERROR;
				CLANG_WARN_DOCUMENTATION_COMMENTS = YES;
				CLANG_WARN_EMPTY_BODY = YES;
				CLANG_WARN_ENUM_CONVERSION = YES;
				CLANG_WARN_INFINITE_RECURSION = YES;
				CLANG_WARN_INT_CONVERSION = YES;
				CLANG_WARN_NON_LITERAL_NULL_CONVERSION = YES;
				CLANG_WARN_OBJC_IMPLICIT_RETAIN_SELF = YES;
				CLANG_WARN_OBJC_LITERAL_CONVERSION = YES;
				CLANG_WARN_OBJC_ROOT_CLASS = YES_ERROR;
				CLANG_WARN_RANGE_LOOP_ANALYSIS = YES;
				CLANG_WARN_STRICT_PROTOTYPES = YES;
				CLANG_WARN_SUSPICIOUS_MOVE = YES;
				CLANG_WARN_UNGUARDED_AVAILABILITY = YES_AGGRESSIVE;
				CLANG_WARN_UNREACHABLE_CODE = YES;
				CLANG_WARN__DUPLICATE_METHOD_MATCH = YES;
				CODE_SIGN_IDENTITY = "iPhone Developer";
				COPY_PHASE_STRIP = NO;
				DEBUG_INFORMATION_FORMAT = "dwarf-with-dsym";
				ENABLE_NS_ASSERTIONS = NO;
				ENABLE_STRICT_OBJC_MSGSEND = YES;
				GCC_C_LANGUAGE_STANDARD = gnu11;
				GCC_NO_COMMON_BLOCKS = YES;
				GCC_WARN_64_TO_32_BIT_CONVERSION = YES;
				GCC_WARN_ABOUT_RETURN_TYPE = YES_ERROR;
				GCC_WARN_UNDECLARED_SELECTOR = YES;
				GCC_WARN_UNINITIALIZED_AUTOS = YES_AGGRESSIVE;
				GCC_WARN_UNUSED_FUNCTION = YES;
				GCC_WARN_UNUSED_VARIABLE = YES;
				IPHONEOS_DEPLOYMENT_TARGET = 12.1;
				MTL_ENABLE_DEBUG_INFO = NO;
				MTL_FAST_MATH = YES;
				SDKROOT = iphoneos;
				SWIFT_COMPILATION_MODE = wholemodule;
				SWIFT_OPTIMIZATION_LEVEL = "-O";
				VALIDATE_PRODUCT = YES;
			};
			name = Release;
		};
		8E2CE8FD2217814F001C3501 /* Debug */ = {
			isa = XCBuildConfiguration;
			baseConfigurationReference = 9890FF4E2F876A79BDFAAE4E /* Pods-PMN-frontend-ios.debug.xcconfig */;
			buildSettings = {
				ASSETCATALOG_COMPILER_APPICON_NAME = AppIcon;
				CODE_SIGN_STYLE = Automatic;
				DEVELOPMENT_TEAM = 648L74S7Q3;
				INFOPLIST_FILE = "PMN-frontend-ios/Info.plist";
				LD_RUNPATH_SEARCH_PATHS = (
					"$(inherited)",
					"@executable_path/Frameworks",
				);
				PRODUCT_BUNDLE_IDENTIFIER = "com.bharathts07.PMN-frontend-ios";
				PRODUCT_NAME = "$(TARGET_NAME)";
				SWIFT_VERSION = 4.2;
				TARGETED_DEVICE_FAMILY = "1,2";
			};
			name = Debug;
		};
		8E2CE8FE2217814F001C3501 /* Release */ = {
			isa = XCBuildConfiguration;
			baseConfigurationReference = 8784202CD466EC5D7B670EC8 /* Pods-PMN-frontend-ios.release.xcconfig */;
			buildSettings = {
				ASSETCATALOG_COMPILER_APPICON_NAME = AppIcon;
				CODE_SIGN_STYLE = Automatic;
				DEVELOPMENT_TEAM = 648L74S7Q3;
				INFOPLIST_FILE = "PMN-frontend-ios/Info.plist";
				LD_RUNPATH_SEARCH_PATHS = (
					"$(inherited)",
					"@executable_path/Frameworks",
				);
				PRODUCT_BUNDLE_IDENTIFIER = "com.bharathts07.PMN-frontend-ios";
				PRODUCT_NAME = "$(TARGET_NAME)";
				SWIFT_VERSION = 4.2;
				TARGETED_DEVICE_FAMILY = "1,2";
			};
			name = Release;
		};
/* End XCBuildConfiguration section */

/* Begin XCConfigurationList section */
		8E2CE8E52217814E001C3501 /* Build configuration list for PBXProject "PMN-frontend-ios" */ = {
			isa = XCConfigurationList;
			buildConfigurations = (
				8E2CE8FA2217814F001C3501 /* Debug */,
				8E2CE8FB2217814F001C3501 /* Release */,
			);
			defaultConfigurationIsVisible = 0;
			defaultConfigurationName = Release;
		};
		8E2CE8FC2217814F001C3501 /* Build configuration list for PBXNativeTarget "PMN-frontend-ios" */ = {
			isa = XCConfigurationList;
			buildConfigurations = (
				8E2CE8FD2217814F001C3501 /* Debug */,
				8E2CE8FE2217814F001C3501 /* Release */,
			);
			defaultConfigurationIsVisible = 0;
			defaultConfigurationName = Release;
		};
/* End XCConfigurationList section */
	};
	rootObject = 8E2CE8E22217814E001C3501 /* Project object */;
}
